
Microsoft Visual Studio Solution File, Format Version 12.00
# Visual Studio Version 16
VisualStudioVersion = 16.0.29709.97
MinimumVisualStudioVersion = 10.0.40219.1
Project("{2150E333-8FDC-42A3-9474-1A3956D46DE8}") = "Shared", "Shared", "{54D5F7DF-887F-40DC-9081-B05CC64FADDC}"
EndProject
Project("{2150E333-8FDC-42A3-9474-1A3956D46DE8}") = "App", "App", "{0C588A6B-A1DF-4D87-A440-FE1ABC195FBC}"
EndProject
Project("{2150E333-8FDC-42A3-9474-1A3956D46DE8}") = "Data", "Data", "{28D64D8D-F716-4989-9D0A-EB74BF2EB8C3}"
EndProject
Project("{9A19103F-16F7-4668-BE54-9A1E7A4F7556}") = "Shared", "Shared\Shared\Shared.csproj", "{5A798B6E-7449-46C1-917F-6D2040D8B536}"
EndProject
Project("{9A19103F-16F7-4668-BE54-9A1E7A4F7556}") = "Data", "Data\Data\Data.csproj", "{F8FD0A91-95BF-47DC-8621-B61F15C999AB}"
EndProject
Project("{9A19103F-16F7-4668-BE54-9A1E7A4F7556}") = "Data.Test", "Data\Data.Test\Data.Test.csproj", "{A7BDD03C-5FDB-4A01-83E7-D6C984436D08}"
EndProject
Project("{9A19103F-16F7-4668-BE54-9A1E7A4F7556}") = "Shared.Test", "Shared\Shared.Test\Shared.Test.csproj", "{79F2BA30-644E-4AA1-8AB3-C83485DB552A}"
EndProject
Project("{9A19103F-16F7-4668-BE54-9A1E7A4F7556}") = "App", "App\App\App.csproj", "{842F10D3-4540-43C5-81DA-E37348D0C5EE}"
EndProject
Project("{9A19103F-16F7-4668-BE54-9A1E7A4F7556}") = "App.Test", "App\App.Test\App.Test.csproj", "{191795B3-7B78-47D3-AD89-4839C1E14FF5}"
EndProject
Project("{2150E333-8FDC-42A3-9474-1A3956D46DE8}") = "Account", "Account", "{1878A1BB-AC80-45BB-8F5D-1D203FF48DE8}"
EndProject
Project("{2150E333-8FDC-42A3-9474-1A3956D46DE8}") = "Suppliers", "Suppliers", "{0AC95A98-74EE-47DC-83AB-60C265E72F97}"
EndProject
Project("{2150E333-8FDC-42A3-9474-1A3956D46DE8}") = "Clients", "Clients", "{C9345C26-4F87-461F-9327-8B6350E70E9D}"
EndProject
Project("{2150E333-8FDC-42A3-9474-1A3956D46DE8}") = "Accounting", "Accounting", "{71C1902B-1016-436A-9626-1B84AB543251}"
EndProject
Project("{2150E333-8FDC-42A3-9474-1A3956D46DE8}") = "HR", "HR", "{C569A095-C499-4D59-9AC1-27FD3414A8F7}"
EndProject
Project("{9A19103F-16F7-4668-BE54-9A1E7A4F7556}") = "Account", "Account\Account\Account.csproj", "{E9618EC8-E66C-440A-A948-D64B6DC86D3D}"
EndProject
Project("{9A19103F-16F7-4668-BE54-9A1E7A4F7556}") = "Supplier", "Supplier\Supplier\Supplier.csproj", "{EA838E35-31F8-4BD1-8AC8-F6A60647D0AF}"
EndProject
Project("{9A19103F-16F7-4668-BE54-9A1E7A4F7556}") = "Clients", "Clients\Clients\Clients.csproj", "{3193C61C-D55E-46A7-9C29-0C83C65864FF}"
EndProject
Project("{9A19103F-16F7-4668-BE54-9A1E7A4F7556}") = "HR", "HR\HR\HR.csproj", "{1FD51431-AF68-4CC1-BCD5-C366F13A9C9C}"
EndProject
Project("{9A19103F-16F7-4668-BE54-9A1E7A4F7556}") = "Accounting", "Accounting\Accounting\Accounting.csproj", "{6DE285CB-40C2-4CC6-A460-F94C27C2B935}"
EndProject
Project("{2150E333-8FDC-42A3-9474-1A3956D46DE8}") = "Report", "Report", "{D2B4F7DC-0E26-46B2-84CA-5D831F0C67F9}"
EndProject
Project("{9A19103F-16F7-4668-BE54-9A1E7A4F7556}") = "Accounting.Shared", "Accounting.Shared\Accounting.Shared.csproj", "{74CCCEE7-16BD-489E-A6D1-E573D92D278B}"
EndProject
Project("{2150E333-8FDC-42A3-9474-1A3956D46DE8}") = "Setting", "Setting", "{D104775B-0101-4585-B950-33D7D8FB9019}"
EndProject
Project("{9A19103F-16F7-4668-BE54-9A1E7A4F7556}") = "Setting", "Setting\Setting\Setting.csproj", "{358D822B-1E21-4361-B4FC-8A524CC3D587}"
EndProject
Project("{9A19103F-16F7-4668-BE54-9A1E7A4F7556}") = "Infrastructure", "Infrastructure\Infrastructure.csproj", "{6C49FDA4-A849-4873-9F74-7146A4B1347F}"
EndProject
Global
	GlobalSection(SolutionConfigurationPlatforms) = preSolution
		Debug|Any CPU = Debug|Any CPU
		Release|Any CPU = Release|Any CPU
	EndGlobalSection
	GlobalSection(ProjectConfigurationPlatforms) = postSolution
		{5A798B6E-7449-46C1-917F-6D2040D8B536}.Debug|Any CPU.ActiveCfg = Debug|Any CPU
		{5A798B6E-7449-46C1-917F-6D2040D8B536}.Debug|Any CPU.Build.0 = Debug|Any CPU
		{5A798B6E-7449-46C1-917F-6D2040D8B536}.Release|Any CPU.ActiveCfg = Release|Any CPU
		{5A798B6E-7449-46C1-917F-6D2040D8B536}.Release|Any CPU.Build.0 = Release|Any CPU
		{F8FD0A91-95BF-47DC-8621-B61F15C999AB}.Debug|Any CPU.ActiveCfg = Debug|Any CPU
		{F8FD0A91-95BF-47DC-8621-B61F15C999AB}.Debug|Any CPU.Build.0 = Debug|Any CPU
		{F8FD0A91-95BF-47DC-8621-B61F15C999AB}.Release|Any CPU.ActiveCfg = Release|Any CPU
		{F8FD0A91-95BF-47DC-8621-B61F15C999AB}.Release|Any CPU.Build.0 = Release|Any CPU
		{A7BDD03C-5FDB-4A01-83E7-D6C984436D08}.Debug|Any CPU.ActiveCfg = Debug|Any CPU
		{A7BDD03C-5FDB-4A01-83E7-D6C984436D08}.Debug|Any CPU.Build.0 = Debug|Any CPU
		{A7BDD03C-5FDB-4A01-83E7-D6C984436D08}.Release|Any CPU.ActiveCfg = Release|Any CPU
		{A7BDD03C-5FDB-4A01-83E7-D6C984436D08}.Release|Any CPU.Build.0 = Release|Any CPU
		{79F2BA30-644E-4AA1-8AB3-C83485DB552A}.Debug|Any CPU.ActiveCfg = Debug|Any CPU
		{79F2BA30-644E-4AA1-8AB3-C83485DB552A}.Debug|Any CPU.Build.0 = Debug|Any CPU
		{79F2BA30-644E-4AA1-8AB3-C83485DB552A}.Release|Any CPU.ActiveCfg = Release|Any CPU
		{79F2BA30-644E-4AA1-8AB3-C83485DB552A}.Release|Any CPU.Build.0 = Release|Any CPU
		{842F10D3-4540-43C5-81DA-E37348D0C5EE}.Debug|Any CPU.ActiveCfg = Debug|Any CPU
		{842F10D3-4540-43C5-81DA-E37348D0C5EE}.Debug|Any CPU.Build.0 = Debug|Any CPU
		{842F10D3-4540-43C5-81DA-E37348D0C5EE}.Release|Any CPU.ActiveCfg = Release|Any CPU
		{842F10D3-4540-43C5-81DA-E37348D0C5EE}.Release|Any CPU.Build.0 = Release|Any CPU
		{191795B3-7B78-47D3-AD89-4839C1E14FF5}.Debug|Any CPU.ActiveCfg = Debug|Any CPU
		{191795B3-7B78-47D3-AD89-4839C1E14FF5}.Debug|Any CPU.Build.0 = Debug|Any CPU
		{191795B3-7B78-47D3-AD89-4839C1E14FF5}.Release|Any CPU.ActiveCfg = Release|Any CPU
		{191795B3-7B78-47D3-AD89-4839C1E14FF5}.Release|Any CPU.Build.0 = Release|Any CPU
		{E9618EC8-E66C-440A-A948-D64B6DC86D3D}.Debug|Any CPU.ActiveCfg = Debug|Any CPU
		{E9618EC8-E66C-440A-A948-D64B6DC86D3D}.Debug|Any CPU.Build.0 = Debug|Any CPU
		{E9618EC8-E66C-440A-A948-D64B6DC86D3D}.Release|Any CPU.ActiveCfg = Release|Any CPU
		{E9618EC8-E66C-440A-A948-D64B6DC86D3D}.Release|Any CPU.Build.0 = Release|Any CPU
		{EA838E35-31F8-4BD1-8AC8-F6A60647D0AF}.Debug|Any CPU.ActiveCfg = Debug|Any CPU
		{EA838E35-31F8-4BD1-8AC8-F6A60647D0AF}.Debug|Any CPU.Build.0 = Debug|Any CPU
		{EA838E35-31F8-4BD1-8AC8-F6A60647D0AF}.Release|Any CPU.ActiveCfg = Release|Any CPU
		{EA838E35-31F8-4BD1-8AC8-F6A60647D0AF}.Release|Any CPU.Build.0 = Release|Any CPU
		{3193C61C-D55E-46A7-9C29-0C83C65864FF}.Debug|Any CPU.ActiveCfg = Debug|Any CPU
		{3193C61C-D55E-46A7-9C29-0C83C65864FF}.Debug|Any CPU.Build.0 = Debug|Any CPU
		{3193C61C-D55E-46A7-9C29-0C83C65864FF}.Release|Any CPU.ActiveCfg = Release|Any CPU
		{3193C61C-D55E-46A7-9C29-0C83C65864FF}.Release|Any CPU.Build.0 = Release|Any CPU
		{1FD51431-AF68-4CC1-BCD5-C366F13A9C9C}.Debug|Any CPU.ActiveCfg = Debug|Any CPU
		{1FD51431-AF68-4CC1-BCD5-C366F13A9C9C}.Debug|Any CPU.Build.0 = Debug|Any CPU
		{1FD51431-AF68-4CC1-BCD5-C366F13A9C9C}.Release|Any CPU.ActiveCfg = Release|Any CPU
		{1FD51431-AF68-4CC1-BCD5-C366F13A9C9C}.Release|Any CPU.Build.0 = Release|Any CPU
		{6DE285CB-40C2-4CC6-A460-F94C27C2B935}.Debug|Any CPU.ActiveCfg = Debug|Any CPU
		{6DE285CB-40C2-4CC6-A460-F94C27C2B935}.Debug|Any CPU.Build.0 = Debug|Any CPU
		{6DE285CB-40C2-4CC6-A460-F94C27C2B935}.Release|Any CPU.ActiveCfg = Release|Any CPU
		{6DE285CB-40C2-4CC6-A460-F94C27C2B935}.Release|Any CPU.Build.0 = Release|Any CPU
		{74CCCEE7-16BD-489E-A6D1-E573D92D278B}.Debug|Any CPU.ActiveCfg = Debug|Any CPU
		{74CCCEE7-16BD-489E-A6D1-E573D92D278B}.Debug|Any CPU.Build.0 = Debug|Any CPU
		{74CCCEE7-16BD-489E-A6D1-E573D92D278B}.Release|Any CPU.ActiveCfg = Release|Any CPU
		{74CCCEE7-16BD-489E-A6D1-E573D92D278B}.Release|Any CPU.Build.0 = Release|Any CPU
		{358D822B-1E21-4361-B4FC-8A524CC3D587}.Debug|Any CPU.ActiveCfg = Debug|Any CPU
		{358D822B-1E21-4361-B4FC-8A524CC3D587}.Debug|Any CPU.Build.0 = Debug|Any CPU
		{358D822B-1E21-4361-B4FC-8A524CC3D587}.Release|Any CPU.ActiveCfg = Release|Any CPU
		{358D822B-1E21-4361-B4FC-8A524CC3D587}.Release|Any CPU.Build.0 = Release|Any CPU
		{6C49FDA4-A849-4873-9F74-7146A4B1347F}.Debug|Any CPU.ActiveCfg = Debug|Any CPU
		{6C49FDA4-A849-4873-9F74-7146A4B1347F}.Debug|Any CPU.Build.0 = Debug|Any CPU
		{6C49FDA4-A849-4873-9F74-7146A4B1347F}.Release|Any CPU.ActiveCfg = Release|Any CPU
		{6C49FDA4-A849-4873-9F74-7146A4B1347F}.Release|Any CPU.Build.0 = Release|Any CPU
	EndGlobalSection
	GlobalSection(SolutionProperties) = preSolution
		HideSolutionNode = FALSE
	EndGlobalSection
	GlobalSection(NestedProjects) = preSolution
		{5A798B6E-7449-46C1-917F-6D2040D8B536} = {54D5F7DF-887F-40DC-9081-B05CC64FADDC}
		{F8FD0A91-95BF-47DC-8621-B61F15C999AB} = {28D64D8D-F716-4989-9D0A-EB74BF2EB8C3}
		{A7BDD03C-5FDB-4A01-83E7-D6C984436D08} = {28D64D8D-F716-4989-9D0A-EB74BF2EB8C3}
		{79F2BA30-644E-4AA1-8AB3-C83485DB552A} = {54D5F7DF-887F-40DC-9081-B05CC64FADDC}
		{842F10D3-4540-43C5-81DA-E37348D0C5EE} = {0C588A6B-A1DF-4D87-A440-FE1ABC195FBC}
		{191795B3-7B78-47D3-AD89-4839C1E14FF5} = {0C588A6B-A1DF-4D87-A440-FE1ABC195FBC}
		{E9618EC8-E66C-440A-A948-D64B6DC86D3D} = {1878A1BB-AC80-45BB-8F5D-1D203FF48DE8}
		{EA838E35-31F8-4BD1-8AC8-F6A60647D0AF} = {0AC95A98-74EE-47DC-83AB-60C265E72F97}
		{3193C61C-D55E-46A7-9C29-0C83C65864FF} = {C9345C26-4F87-461F-9327-8B6350E70E9D}
		{1FD51431-AF68-4CC1-BCD5-C366F13A9C9C} = {C569A095-C499-4D59-9AC1-27FD3414A8F7}
		{6DE285CB-40C2-4CC6-A460-F94C27C2B935} = {71C1902B-1016-436A-9626-1B84AB543251}
		{74CCCEE7-16BD-489E-A6D1-E573D92D278B} = {71C1902B-1016-436A-9626-1B84AB543251}
		{358D822B-1E21-4361-B4FC-8A524CC3D587} = {D104775B-0101-4585-B950-33D7D8FB9019}
		{6C49FDA4-A849-4873-9F74-7146A4B1347F} = {54D5F7DF-887F-40DC-9081-B05CC64FADDC}
	EndGlobalSection
	GlobalSection(ExtensibilityGlobals) = postSolution
		SolutionGuid = {57820604-E245-4A2E-BBA2-4924B163A131}
	EndGlobalSection
EndGlobal
